
Microsoft Visual Studio Solution File, Format Version 12.00
# Visual Studio Version 16
VisualStudioVersion = 16.0.31005.135
MinimumVisualStudioVersion = 10.0.40219.1
Project("{9A19103F-16F7-4668-BE54-9A1E7A4F7556}") = "Jellyfish.Api", "Jellyfish.Api\Jellyfish.Api.csproj", "{6E301D5F-8CDF-4FC2-8001-33353B57072A}"
EndProject
Project("{9A19103F-16F7-4668-BE54-9A1E7A4F7556}") = "Jellyfish.Data", "Jellyfish.Data\Jellyfish.Data.csproj", "{8D3ADA6A-BFF6-46AF-9DBC-2B81D485A438}"
EndProject
Project("{9A19103F-16F7-4668-BE54-9A1E7A4F7556}") = "JellyFish.Business.Test", "JellyFish.Business.Test\JellyFish.Business.Test.csproj", "{4EE7942D-FC2E-498D-9180-FFE4F4200520}"
EndProject
Project("{FAE04EC0-301F-11D3-BF4B-00C04F79EFBC}") = "JellyFish.Business", "JellyFish.Business\JellyFish.Business.csproj", "{4302A607-44FE-47ED-BB12-F0A27C21E101}"
EndProject
Global
	GlobalSection(SolutionConfigurationPlatforms) = preSolution
		Debug|Any CPU = Debug|Any CPU
		Release|Any CPU = Release|Any CPU
	EndGlobalSection
	GlobalSection(ProjectConfigurationPlatforms) = postSolution
		{6E301D5F-8CDF-4FC2-8001-33353B57072A}.Debug|Any CPU.ActiveCfg = Debug|Any CPU
		{6E301D5F-8CDF-4FC2-8001-33353B57072A}.Debug|Any CPU.Build.0 = Debug|Any CPU
		{6E301D5F-8CDF-4FC2-8001-33353B57072A}.Release|Any CPU.ActiveCfg = Release|Any CPU
		{6E301D5F-8CDF-4FC2-8001-33353B57072A}.Release|Any CPU.Build.0 = Release|Any CPU
		{8D3ADA6A-BFF6-46AF-9DBC-2B81D485A438}.Debug|Any CPU.ActiveCfg = Debug|Any CPU
		{8D3ADA6A-BFF6-46AF-9DBC-2B81D485A438}.Debug|Any CPU.Build.0 = Debug|Any CPU
		{8D3ADA6A-BFF6-46AF-9DBC-2B81D485A438}.Release|Any CPU.ActiveCfg = Release|Any CPU
		{8D3ADA6A-BFF6-46AF-9DBC-2B81D485A438}.Release|Any CPU.Build.0 = Release|Any CPU
		{4EE7942D-FC2E-498D-9180-FFE4F4200520}.Debug|Any CPU.ActiveCfg = Debug|Any CPU
		{4EE7942D-FC2E-498D-9180-FFE4F4200520}.Debug|Any CPU.Build.0 = Debug|Any CPU
		{4EE7942D-FC2E-498D-9180-FFE4F4200520}.Release|Any CPU.ActiveCfg = Release|Any CPU
		{4EE7942D-FC2E-498D-9180-FFE4F4200520}.Release|Any CPU.Build.0 = Release|Any CPU
		{4302A607-44FE-47ED-BB12-F0A27C21E101}.Debug|Any CPU.ActiveCfg = Debug|Any CPU
		{4302A607-44FE-47ED-BB12-F0A27C21E101}.Debug|Any CPU.Build.0 = Debug|Any CPU
		{4302A607-44FE-47ED-BB12-F0A27C21E101}.Release|Any CPU.ActiveCfg = Release|Any CPU
		{4302A607-44FE-47ED-BB12-F0A27C21E101}.Release|Any CPU.Build.0 = Release|Any CPU
	EndGlobalSection
	GlobalSection(SolutionProperties) = preSolution
		HideSolutionNode = FALSE
	EndGlobalSection
	GlobalSection(ExtensibilityGlobals) = postSolution
		SolutionGuid = {19160DE8-FD84-494F-91BF-9E22A5AF9949}
	EndGlobalSection
EndGlobal
